
Microsoft Visual Studio Solution File, Format Version 12.00
# Visual Studio Version 17
VisualStudioVersion = 17.2.32630.192
MinimumVisualStudioVersion = 10.0.40219.1
Project("{FAE04EC0-301F-11D3-BF4B-00C04F79EFBC}") = "CipherTest", "CipherTest\CipherTest.csproj", "{FDFC1119-EDC4-4FD5-AC0B-692B9687C1E6}"
EndProject
Global
	GlobalSection(SolutionConfigurationPlatforms) = preSolution
		Debug|Any CPU = Debug|Any CPU
		Release|Any CPU = Release|Any CPU
	EndGlobalSection
	GlobalSection(ProjectConfigurationPlatforms) = postSolution
		{FDFC1119-EDC4-4FD5-AC0B-692B9687C1E6}.Debug|Any CPU.ActiveCfg = Debug|Any CPU
		{FDFC1119-EDC4-4FD5-AC0B-692B9687C1E6}.Debug|Any CPU.Build.0 = Debug|Any CPU
		{FDFC1119-EDC4-4FD5-AC0B-692B9687C1E6}.Release|Any CPU.ActiveCfg = Release|Any CPU
		{FDFC1119-EDC4-4FD5-AC0B-692B9687C1E6}.Release|Any CPU.Build.0 = Release|Any CPU
	EndGlobalSection
	GlobalSection(SolutionProperties) = preSolution
		HideSolutionNode = FALSE
	EndGlobalSection
	GlobalSection(ExtensibilityGlobals) = postSolution
		SolutionGuid = {6B96B236-D8A1-41B9-A44B-67C3244BF6DA}
	EndGlobalSection
EndGlobal
